<?xml version="1.0" encoding="UTF-8"?>
<Scheme
   version = "1.3">
   <BuildAction>
      <BuildActionEntries>
         <BuildActionEntry
            buildForRunning = "YES"
            buildForTesting = "YES">
            <BuildableReference
               BuildableIdentifier = "primary"
               BlueprintIdentifier = "8888566DB7E4BBFBC202DD0B"
               BuildableName = "JLJDScheduleViewTests.octest"
               BlueprintName = "JLJDScheduleViewTests"
               ReferencedContainer = "container:JLJDScheduleView.xcodeproj">
            </BuildableReference>
         </BuildActionEntry>
      </BuildActionEntries>
   </BuildAction>
   <TestAction
      buildConfiguration = "Debug">
      <Testables>
         <TestableReference>
            <BuildableReference
               BuildableIdentifier = "primary"
               BlueprintIdentifier = "8888566DB7E4BBFBC202DD0B"
               BuildableName = "JLJDScheduleViewTests.octest"
               BlueprintName = "JLJDScheduleViewTests"
               ReferencedContainer = "container:JLJDScheduleView.xcodeproj">
            </BuildableReference>
         </TestableReference>
      </Testables>
   </TestAction>
   <LaunchAction
      useCustomWorkingDirectory = "NO">
   </LaunchAction>
</Scheme>
