<?xml version="1.0" encoding="UTF-8"?>
<Scheme
   version = "1.3">
   <BuildAction>
      <BuildActionEntries>
         <BuildActionEntry
            buildForRunning = "YES">
            <BuildableReference
               BuildableIdentifier = "primary"
               BlueprintIdentifier = "8888506B86CB25AE00ED2736"
               BuildableName = "libJLJDScheduleView.a"
               BlueprintName = "JLJDScheduleView"
               ReferencedContainer = "container:JLJDScheduleView.xcodeproj">
            </BuildableReference>
         </BuildActionEntry>
      </BuildActionEntries>
   </BuildAction>
   <LaunchAction
      useCustomWorkingDirectory = "NO"
      buildConfiguration = "Debug">
   </LaunchAction>
</Scheme>
